Microsoft Visual Studio Solution File, Format Version 12.00
# Visual Studio 2012
Project("{447E182C-6B39-0483-2353-9D43BB8ADC3B}") = "NumberWizardUIProject", "Assembly-CSharp.csproj", "{1493E9F0-C666-2D70-4E6A-72FE345BB5B9}"
EndProject
Project("{447E182C-6B39-0483-2353-9D43BB8ADC3B}") = "NumberWizardUIProject", "Assembly-CSharp-Editor.csproj", "{22899311-A974-A65A-74BF-72231CFFA070}"
EndProject
Global
	GlobalSection(SolutionConfigurationPlatforms) = preSolution
		Debug|Any CPU = Debug|Any CPU
		Release|Any CPU = Release|Any CPU
	EndGlobalSection
	GlobalSection(ProjectConfigurationPlatforms) = postSolution
		{1493E9F0-C666-2D70-4E6A-72FE345BB5B9}.Debug|Any CPU.ActiveCfg = Debug|Any CPU
		{1493E9F0-C666-2D70-4E6A-72FE345BB5B9}.Debug|Any CPU.Build.0 = Debug|Any CPU
		{1493E9F0-C666-2D70-4E6A-72FE345BB5B9}.Release|Any CPU.ActiveCfg = Release|Any CPU
		{1493E9F0-C666-2D70-4E6A-72FE345BB5B9}.Release|Any CPU.Build.0 = Release|Any CPU
		{22899311-A974-A65A-74BF-72231CFFA070}.Debug|Any CPU.ActiveCfg = Debug|Any CPU
		{22899311-A974-A65A-74BF-72231CFFA070}.Debug|Any CPU.Build.0 = Debug|Any CPU
		{22899311-A974-A65A-74BF-72231CFFA070}.Release|Any CPU.ActiveCfg = Release|Any CPU
		{22899311-A974-A65A-74BF-72231CFFA070}.Release|Any CPU.Build.0 = Release|Any CPU
	EndGlobalSection
	GlobalSection(MonoDevelopProperties) = preSolution
		StartupItem = Assembly-CSharp.csproj
	EndGlobalSection
EndGlobal
